{"filter":false,"title":"Gemfile.lock","tooltip":"/sample_app/Gemfile.lock","undoManager":{"mark":0,"position":0,"stack":[[{"start":{"row":61,"column":4},"end":{"row":69,"column":21},"action":"remove","lines":["autoprefixer-rails (10.4.7.0)","      execjs (~> 2)","    benchmark-ips (2.10.0)","    bindex (0.8.1)","    bootsnap (1.10.3)","      msgpack (~> 1.2)","    bootstrap-sass (3.4.1)","      autoprefixer-rails (>= 5.2.1)","      sassc (>= 2.0.0"],"id":1,"ignore":true},{"start":{"row":61,"column":4},"end":{"row":63,"column":21},"action":"insert","lines":["bindex (0.8.1)","    bootsnap (1.10.3)","      msgpack (~> 1.2"]},{"start":{"row":80,"column":0},"end":{"row":81,"column":0},"action":"remove","lines":["    execjs (2.8.1)",""]},{"start":{"row":190,"column":0},"end":{"row":192,"column":0},"action":"remove","lines":["    sassc (2.4.0)","      ffi (~> 1.9)",""]},{"start":{"row":238,"column":0},"end":{"row":239,"column":0},"action":"remove","lines":["  benchmark-ips",""]},{"start":{"row":239,"column":0},"end":{"row":240,"column":0},"action":"remove","lines":["  bootstrap-sass (= 3.4.1)",""]}]]},"ace":{"folds":[],"scrolltop":0,"scrollleft":0,"selection":{"start":{"row":0,"column":0},"end":{"row":0,"column":0},"isBackwards":false},"options":{"guessTabSize":true,"useWrapMode":false,"wrapToView":true},"firstLineState":0},"timestamp":1651798962991,"hash":"bca591642389f96640e784f8f509de74248e3b73"}