{"filter":false,"title":"Gemfile.lock","tooltip":"/rails/hello_app/Gemfile.lock","undoManager":{"mark":-1,"position":-1,"stack":[]},"ace":{"folds":[],"scrolltop":0,"scrollleft":0,"selection":{"start":{"row":9,"column":25},"end":{"row":9,"column":25},"isBackwards":false},"options":{"guessTabSize":true,"useWrapMode":false,"wrapToView":true},"firstLineState":0},"timestamp":1650626077803,"hash":"3855c51259c634f67ff487396242d3e4b155618a"}